<?xml version="1.0" encoding="utf-8"?>
<Project ToolsVersion="4.0" xmlns="http://schemas.microsoft.com/developer/msbuild/2003">
  <ItemGroup>
    <Filter Include="Source Files">
      <UniqueIdentifier>{4FC737F1-C7A5-4376-A066-2A32D752A2FF}</UniqueIdentifier>
      <Extensions>cpp;c;cc;cxx;c++;cppm;ixx;def;odl;idl;hpj;bat;asm;asmx</Extensions>
    </Filter>
    <Filter Include="Header Files">
      <UniqueIdentifier>{93995380-89BD-4b04-88EB-625FBE52EBFB}</UniqueIdentifier>
      <Extensions>h;hh;hpp;hxx;h++;hm;inl;inc;ipp;xsd</Extensions>
    </Filter>
    <Filter Include="Resource Files">
      <UniqueIdentifier>{67DA6AB6-F800-4c08-8B7A-83BB121AAD01}</UniqueIdentifier>
      <Extensions>rc;ico;cur;bmp;dlg;rc2;rct;bin;rgs;gif;jpg;jpeg;jpe;resx;tiff;tif;png;wav;mfcribbon-ms</Extensions>
    </Filter>
    <Filter Include="Header Files\WaitingCommands">
      <UniqueIdentifier>{df63d0d0-5c9f-495c-90f3-212dd2112b8a}</UniqueIdentifier>
    </Filter>
    <Filter Include="Source Files\WaitingCommands">
      <UniqueIdentifier>{f25d34aa-e80f-41a0-a74b-412e238b2fe5}</UniqueIdentifier>
    </Filter>
    <Filter Include="Header Files\entities">
      <UniqueIdentifier>{c4422c8a-d781-49d0-900d-32b2b650733a}</UniqueIdentifier>
    </Filter>
    <Filter Include="Source Files\entities">
      <UniqueIdentifier>{629c964c-e653-44ea-93a7-91f4d84c703d}</UniqueIdentifier>
    </Filter>
    <Filter Include="Header Files\tiles">
      <UniqueIdentifier>{63fdb867-db63-4d3c-b675-8e89c116522d}</UniqueIdentifier>
    </Filter>
    <Filter Include="Source Files\tiles">
      <UniqueIdentifier>{550f0f02-b6e3-446d-9a79-ceef4a142f7c}</UniqueIdentifier>
    </Filter>
  </ItemGroup>
  <ItemGroup>
    <ClCompile Include="BEH_Annak_Game.cpp">
      <Filter>Source Files</Filter>
    </ClCompile>
    <ClCompile Include="Command.cpp">
      <Filter>Source Files</Filter>
    </ClCompile>
    <ClCompile Include="Input.cpp">
      <Filter>Source Files</Filter>
    </ClCompile>
    <ClCompile Include="WorldMap.cpp">
      <Filter>Source Files</Filter>
    </ClCompile>
    <ClCompile Include="IWaitingCommand.cpp">
      <Filter>Source Files\WaitingCommands</Filter>
    </ClCompile>
    <ClCompile Include="RainCommand.cpp">
      <Filter>Source Files\WaitingCommands</Filter>
    </ClCompile>
    <ClCompile Include="MoveCommand.cpp">
      <Filter>Source Files\WaitingCommands</Filter>
    </ClCompile>
    <ClCompile Include="WaitingCommands.cpp">
      <Filter>Source Files\WaitingCommands</Filter>
    </ClCompile>
    <ClCompile Include="BuildCommand.cpp">
      <Filter>Source Files\WaitingCommands</Filter>
    </ClCompile>
    <ClCompile Include="City.cpp">
      <Filter>Source Files\entities</Filter>
    </ClCompile>
    <ClCompile Include="IEntity.cpp">
      <Filter>Source Files\entities</Filter>
    </ClCompile>
    <ClCompile Include="IBuildableEntity.cpp">
      <Filter>Source Files\entities</Filter>
    </ClCompile>
    <ClCompile Include="Person.cpp">
      <Filter>Source Files\entities</Filter>
    </ClCompile>
    <ClCompile Include="Road.cpp">
      <Filter>Source Files\entities</Filter>
    </ClCompile>
    <ClCompile Include="Village.cpp">
      <Filter>Source Files\entities</Filter>
    </ClCompile>
    <ClCompile Include="NaturalLand.cpp">
      <Filter>Source Files\tiles</Filter>
    </ClCompile>
    <ClCompile Include="Coordination.cpp">
      <Filter>Source Files\tiles</Filter>
    </ClCompile>
    <ClCompile Include="IMove.cpp">
      <Filter>Source Files\entities</Filter>
    </ClCompile>
    <ClCompile Include="Car.cpp">
      <Filter>Source Files</Filter>
    </ClCompile>
    <ClCompile Include="Truck.cpp">
      <Filter>Source Files</Filter>
    </ClCompile>
    <ClCompile Include="Helicopter.cpp">
      <Filter>Source Files</Filter>
    </ClCompile>
    <ClCompile Include="IDriveable.cpp">
      <Filter>Source Files</Filter>
    </ClCompile>
    <ClCompile Include="Graphics.cpp">
      <Filter>Source Files</Filter>
    </ClCompile>
  </ItemGroup>
  <ItemGroup>
    <None Include="configuration.json">
      <Filter>Source Files</Filter>
    </None>
  </ItemGroup>
  <ItemGroup>
    <ClInclude Include="Command.h">
      <Filter>Header Files</Filter>
    </ClInclude>
    <ClInclude Include="Input.h">
      <Filter>Header Files</Filter>
    </ClInclude>
    <ClInclude Include="json.hpp">
      <Filter>Header Files</Filter>
    </ClInclude>
    <ClInclude Include="WorldMap.h">
      <Filter>Header Files</Filter>
    </ClInclude>
    <ClInclude Include="Utility.h">
      <Filter>Header Files</Filter>
    </ClInclude>
    <ClInclude Include="ReadJson.h">
      <Filter>Header Files</Filter>
    </ClInclude>
    <ClInclude Include="RainCommand.h">
      <Filter>Header Files\WaitingCommands</Filter>
    </ClInclude>
    <ClInclude Include="CommonHeaders.h">
      <Filter>Header Files</Filter>
    </ClInclude>
    <ClInclude Include="MoveCommand.h">
      <Filter>Header Files\WaitingCommands</Filter>
    </ClInclude>
    <ClInclude Include="WaitingCommands.h">
      <Filter>Header Files\WaitingCommands</Filter>
    </ClInclude>
    <ClInclude Include="BuildCommand.h">
      <Filter>Header Files\WaitingCommands</Filter>
    </ClInclude>
    <ClInclude Include="City.h">
      <Filter>Header Files\entities</Filter>
    </ClInclude>
    <ClInclude Include="IBuildableEntity.h">
      <Filter>Header Files\entities</Filter>
    </ClInclude>
    <ClInclude Include="IEntity.h">
      <Filter>Header Files\entities</Filter>
    </ClInclude>
    <ClInclude Include="Road.h">
      <Filter>Header Files\entities</Filter>
    </ClInclude>
    <ClInclude Include="Person.h">
      <Filter>Header Files\entities</Filter>
    </ClInclude>
    <ClInclude Include="Village.h">
      <Filter>Header Files\entities</Filter>
    </ClInclude>
    <ClInclude Include="IWaitingCommand.h">
      <Filter>Header Files\WaitingCommands</Filter>
    </ClInclude>
    <ClInclude Include="NaturalLand.h">
      <Filter>Header Files\tiles</Filter>
    </ClInclude>
    <ClInclude Include="Coordination.h">
      <Filter>Header Files\tiles</Filter>
    </ClInclude>
    <ClInclude Include="IMove.h">
      <Filter>Header Files\entities</Filter>
    </ClInclude>
    <ClInclude Include="Car.h">
      <Filter>Header Files</Filter>
    </ClInclude>
    <ClInclude Include="Truck.h">
      <Filter>Header Files</Filter>
    </ClInclude>
    <ClInclude Include="Helicopter.h">
      <Filter>Header Files</Filter>
    </ClInclude>
    <ClInclude Include="IDriveable.h">
      <Filter>Header Files</Filter>
    </ClInclude>
    <ClInclude Include="Graphics.h">
      <Filter>Header Files</Filter>
    </ClInclude>
  </ItemGroup>
  <ItemGroup>
    <Text Include="input.txt" />
  </ItemGroup>
</Project>